
Microsoft Visual Studio Solution File, Format Version 12.00
# Visual Studio Version 17
VisualStudioVersion = 17.5.002.0
MinimumVisualStudioVersion = 10.0.40219.1
Project("{9A19103F-16F7-4668-BE54-9A1E7A4F7556}") = "Backend", "Backend\Backend.csproj", "{A9EF8B41-C01F-452E-A27B-D33954566C04}"
EndProject
Global
	GlobalSection(SolutionConfigurationPlatforms) = preSolution
		Debug|Any CPU = Debug|Any CPU
		Release|Any CPU = Release|Any CPU
	EndGlobalSection
	GlobalSection(ProjectConfigurationPlatforms) = postSolution
		{A9EF8B41-C01F-452E-A27B-D33954566C04}.Debug|Any CPU.ActiveCfg = Debug|Any CPU
		{A9EF8B41-C01F-452E-A27B-D33954566C04}.Debug|Any CPU.Build.0 = Debug|Any CPU
		{A9EF8B41-C01F-452E-A27B-D33954566C04}.Release|Any CPU.ActiveCfg = Release|Any CPU
		{A9EF8B41-C01F-452E-A27B-D33954566C04}.Release|Any CPU.Build.0 = Release|Any CPU
	EndGlobalSection
	GlobalSection(SolutionProperties) = preSolution
		HideSolutionNode = FALSE
	EndGlobalSection
	GlobalSection(ExtensibilityGlobals) = postSolution
		SolutionGuid = {8F4D8CC6-2FFE-43F1-8B9F-6E058B876A60}
	EndGlobalSection
EndGlobal
